// !$*UTF8*$!
{
	archiveVersion = 1;
	classes = {
	};
	objectVersion = 46;
	objects = {

/* Begin PBXBuildFile section */
		129777B51B8F9A460018CCDA /* main.m in Sources */ = {isa = PBXBuildFile; fileRef = 129777B41B8F9A460018CCDA /* main.m */; };
/* End PBXBuildFile section */

/* Begin PBXCopyFilesBuildPhase section */
		129777AF1B8F9A460018CCDA /* CopyFiles */ = {
			isa = PBXCopyFilesBuildPhase;
			buildActionMask = 2147483647;
			dstPath = /usr/share/man/man1/;
			dstSubfolderSpec = 0;
			files = (
			);
			runOnlyForDeploymentPostprocessing = 1;
		};
/* End PBXCopyFilesBuildPhase section */

/* Begin PBXFileReference section */
		129777B11B8F9A460018CCDA /* DoctorPatient */ = {isa = PBXFileReference; explicitFileType = "compiled.mach-o.executable"; includeInIndex = 0; path = DoctorPatient; sourceTree = BUILT_PRODUCTS_DIR; };
		129777B41B8F9A460018CCDA /* main.m */ = {isa = PBXFileReference; lastKnownFileType = sourcecode.c.objc; path = main.m; sourceTree = "<group>"; };
/* End PBXFileReference section */

/* Begin PBXFrameworksBuildPhase section */
		129777AE1B8F9A460018CCDA /* Frameworks */ = {
			isa = PBXFrameworksBuildPhase;
			buildActionMask = 2147483647;
			files = (
			);
			runOnlyForDeploymentPostprocessing = 0;
		};
/* End PBXFrameworksBuildPhase section */

/* Begin PBXGroup section */
		129777A81B8F9A460018CCDA = {
			isa = PBXGroup;
			children = (
				129777B31B8F9A460018CCDA /* DoctorPatient */,
				129777B21B8F9A460018CCDA /* Products */,
			);
			sourceTree = "<group>";
		};
		129777B21B8F9A460018CCDA /* Products */ = {
			isa = PBXGroup;
			children = (
				129777B11B8F9A460018CCDA /* DoctorPatient */,
			);
			name = Products;
			sourceTree = "<group>";
		};
		129777B31B8F9A460018CCDA /* DoctorPatient */ = {
			isa = PBXGroup;
			children = (
				129777B41B8F9A460018CCDA /* main.m */,
			);
			path = DoctorPatient;
			sourceTree = "<group>";
		};
/* End PBXGroup section */

/* Begin PBXNativeTarget section */
		129777B01B8F9A460018CCDA /* DoctorPatient */ = {
			isa = PBXNativeTarget;
			buildConfigurationList = 129777B81B8F9A460018CCDA /* Build configuration list for PBXNativeTarget "DoctorPatient" */;
			buildPhases = (
				129777AD1B8F9A460018CCDA /* Sources */,
				129777AE1B8F9A460018CCDA /* Frameworks */,
				129777AF1B8F9A460018CCDA /* CopyFiles */,
			);
			buildRules = (
			);
			dependencies = (
			);
			name = DoctorPatient;
			productName = DoctorPatient;
			productReference = 129777B11B8F9A460018CCDA /* DoctorPatient */;
			productType = "com.apple.product-type.tool";
		};
/* End PBXNativeTarget section */

/* Begin PBXProject section */
		129777A91B8F9A460018CCDA /* Project object */ = {
			isa = PBXProject;
			attributes = {
				LastUpgradeCheck = 0640;
				ORGANIZATIONNAME = asu;
				TargetAttributes = {
					129777B01B8F9A460018CCDA = {
						CreatedOnToolsVersion = 6.4;
					};
				};
			};
			buildConfigurationList = 129777AC1B8F9A460018CCDA /* Build configuration list for PBXProject "DoctorPatient" */;
			compatibilityVersion = "Xcode 3.2";
			developmentRegion = English;
			hasScannedForEncodings = 0;
			knownRegions = (
				en,
			);
			mainGroup = 129777A81B8F9A460018CCDA;
			productRefGroup = 129777B21B8F9A460018CCDA /* Products */;
			projectDirPath = "";
			projectRoot = "";
			targets = (
				129777B01B8F9A460018CCDA /* DoctorPatient */,
			);
		};
/* End PBXProject section */

/* Begin PBXSourcesBuildPhase section */
		129777AD1B8F9A460018CCDA /* Sources */ = {
			isa = PBXSourcesBuildPhase;
			buildActionMask = 2147483647;
			files = (
				129777B51B8F9A460018CCDA /* main.m in Sources */,
			);
			runOnlyForDeploymentPostprocessing = 0;
		};
/* End PBXSourcesBuildPhase section */

/* Begin XCBuildConfiguration section */
		129777B61B8F9A460018CCDA /* Debug */ = {
			isa = XCBuildConfiguration;
			buildSettings = {
				ALWAYS_SEARCH_USER_PATHS = NO;
				CLANG_CXX_LANGUAGE_STANDARD = "gnu++0x";
				CLANG_CXX_LIBRARY = "libc++";
				CLANG_ENABLE_MODULES = YES;
				CLANG_ENABLE_OBJC_ARC = YES;
				CLANG_WARN_BOOL_CONVERSION = YES;
				CLANG_WARN_CONSTANT_CONVERSION = YES;
				CLANG_WARN_DIRECT_OBJC_ISA_USAGE = YES_ERROR;
				CLANG_WARN_EMPTY_BODY = YES;
				CLANG_WARN_ENUM_CONVERSION = YES;
				CLANG_WARN_INT_CONVERSION = YES;
				CLANG_WARN_OBJC_ROOT_CLASS = YES_ERROR;
				CLANG_WARN_UNREACHABLE_CODE = YES;
				CLANG_WARN__DUPLICATE_METHOD_MATCH = YES;
				COPY_PHASE_STRIP = NO;
				DEBUG_INFORMATION_FORMAT = dwarf;
				ENABLE_STRICT_OBJC_MSGSEND = YES;
				GCC_C_LANGUAGE_STANDARD = gnu99;
				GCC_DYNAMIC_NO_PIC = NO;
				GCC_NO_COMMON_BLOCKS = YES;
				GCC_OPTIMIZATION_LEVEL = 0;
				GCC_PREPROCESSOR_DEFINITIONS = (
					"DEBUG=1",
					"$(inherited)",
				);
				GCC_SYMBOLS_PRIVATE_EXTERN = NO;
				GCC_WARN_64_TO_32_BIT_CONVERSION = YES;
				GCC_WARN_ABOUT_RETURN_TYPE = YES_ERROR;
				GCC_WARN_UNDECLARED_SELECTOR = YES;
				GCC_WARN_UNINITIALIZED_AUTOS = YES_AGGRESSIVE;
				GCC_WARN_UNUSED_FUNCTION = YES;
				GCC_WARN_UNUSED_VARIABLE = YES;
				MACOSX_DEPLOYMENT_TARGET = 10.10;
				MTL_ENABLE_DEBUG_INFO = YES;
				ONLY_ACTIVE_ARCH = YES;
				SDKROOT = macosx;
			};
			name = Debug;
		};
		129777B71B8F9A460018CCDA /* Release */ = {
			isa = XCBuildConfiguration;
			buildSettings = {
				ALWAYS_SEARCH_USER_PATHS = NO;
				CLANG_CXX_LANGUAGE_STANDARD = "gnu++0x";
				CLANG_CXX_LIBRARY = "libc++";
				CLANG_ENABLE_MODULES = YES;
				CLANG_ENABLE_OBJC_ARC = YES;
				CLANG_WARN_BOOL_CONVERSION = YES;
				CLANG_WARN_CONSTANT_CONVERSION = YES;
				CLANG_WARN_DIRECT_OBJC_ISA_USAGE = YES_ERROR;
				CLANG_WARN_EMPTY_BODY = YES;
				CLANG_WARN_ENUM_CONVERSION = YES;
				CLANG_WARN_INT_CONVERSION = YES;
				CLANG_WARN_OBJC_ROOT_CLASS = YES_ERROR;
				CLANG_WARN_UNREACHABLE_CODE = YES;
				CLANG_WARN__DUPLICATE_METHOD_MATCH = YES;
				COPY_PHASE_STRIP = NO;
				DEBUG_INFORMATION_FORMAT = "dwarf-with-dsym";
				ENABLE_NS_ASSERTIONS = NO;
				ENABLE_STRICT_OBJC_MSGSEND = YES;
				GCC_C_LANGUAGE_STANDARD = gnu99;
				GCC_NO_COMMON_BLOCKS = YES;
				GCC_WARN_64_TO_32_BIT_CONVERSION = YES;
				GCC_WARN_ABOUT_RETURN_TYPE = YES_ERROR;
				GCC_WARN_UNDECLARED_SELECTOR = YES;
				GCC_WARN_UNINITIALIZED_AUTOS = YES_AGGRESSIVE;
				GCC_WARN_UNUSED_FUNCTION = YES;
				GCC_WARN_UNUSED_VARIABLE = YES;
				MACOSX_DEPLOYMENT_TARGET = 10.10;
				MTL_ENABLE_DEBUG_INFO = NO;
				SDKROOT = macosx;
			};
			name = Release;
		};
		129777B91B8F9A460018CCDA /* Debug */ = {
			isa = XCBuildConfiguration;
			buildSettings = {
				PRODUCT_NAME = "$(TARGET_NAME)";
			};
			name = Debug;
		};
		129777BA1B8F9A460018CCDA /* Release */ = {
			isa = XCBuildConfiguration;
			buildSettings = {
				PRODUCT_NAME = "$(TARGET_NAME)";
			};
			name = Release;
		};
/* End XCBuildConfiguration section */

/* Begin XCConfigurationList section */
		129777AC1B8F9A460018CCDA /* Build configuration list for PBXProject "DoctorPatient" */ = {
			isa = XCConfigurationList;
			buildConfigurations = (
				129777B61B8F9A460018CCDA /* Debug */,
				129777B71B8F9A460018CCDA /* Release */,
			);
			defaultConfigurationIsVisible = 0;
			defaultConfigurationName = Release;
		};
		129777B81B8F9A460018CCDA /* Build configuration list for PBXNativeTarget "DoctorPatient" */ = {
			isa = XCConfigurationList;
			buildConfigurations = (
				129777B91B8F9A460018CCDA /* Debug */,
				129777BA1B8F9A460018CCDA /* Release */,
			);
			defaultConfigurationIsVisible = 0;
		};
/* End XCConfigurationList section */
	};
	rootObject = 129777A91B8F9A460018CCDA /* Project object */;
}
